
Microsoft Visual Studio Solution File, Format Version 12.00
# Visual Studio 14
VisualStudioVersion = 14.0.25420.1
MinimumVisualStudioVersion = 10.0.40219.1
Project("{2150E333-8FDC-42A3-9474-1A3956D46DE8}") = "src", "src", "{E4A22F5E-F645-461A-96ED-5E8C4FE0C114}"
EndProject
Project("{2150E333-8FDC-42A3-9474-1A3956D46DE8}") = "Solution Items", "Solution Items", "{AC37BFE1-D758-444C-8328-9CE455404713}"
	ProjectSection(SolutionItems) = preProject
		global.json = global.json
	EndProjectSection
EndProject
Project("{8BB2217D-0F2D-49D1-97BC-3654ED321F3B}") = "Filelocker.Web", "src\Filelocker.Web\Filelocker.Web.xproj", "{CFB2D074-A06E-4FCC-9DE0-07AF37915480}"
EndProject
Project("{8BB2217D-0F2D-49D1-97BC-3654ED321F3B}") = "Filelocker.Domain", "src\Filelocker.Domain\Filelocker.Domain.xproj", "{C20F2E32-3B5D-4685-9CD4-C2DA704FE417}"
EndProject
Project("{8BB2217D-0F2D-49D1-97BC-3654ED321F3B}") = "Filelocker.Api", "src\Filelocker.Api\Filelocker.Api.xproj", "{470BF0E5-119B-425E-B4BB-25309A800C26}"
EndProject
Project("{2150E333-8FDC-42A3-9474-1A3956D46DE8}") = "test", "test", "{737BC96D-1A71-4596-8B7F-3C583C8E28A8}"
EndProject
Project("{8BB2217D-0F2D-49D1-97BC-3654ED321F3B}") = "Filelocker.Api.Tests", "test\Filelocker.Api.Tests\Filelocker.Api.Tests.xproj", "{D5915870-0B35-4DF6-9170-A7EF15AAAA81}"
EndProject
Project("{8BB2217D-0F2D-49D1-97BC-3654ED321F3B}") = "Filelocker.DataAccess", "src\Filelocker.DataAccess\Filelocker.DataAccess.xproj", "{FCCBE4B5-BE67-46DC-B503-3B74CB1D2F54}"
EndProject
Project("{8BB2217D-0F2D-49D1-97BC-3654ED321F3B}") = "Filelocker.MSSQLProviders", "src\Filelocker.MSSQLProviders\Filelocker.MSSQLProviders.xproj", "{E7940292-CED1-4872-91B9-C5F7E7223B15}"
EndProject
Project("{8BB2217D-0F2D-49D1-97BC-3654ED321F3B}") = "Filelocker.Services", "src\Filelocker.Services\Filelocker.Services.xproj", "{2ECA8EB9-8A8A-4037-97A8-064ADB435431}"
EndProject
Project("{2150E333-8FDC-42A3-9474-1A3956D46DE8}") = "Providers", "Providers", "{8478C4A1-EE36-4B76-8F9D-0598FCDD0114}"
EndProject
Project("{8BB2217D-0F2D-49D1-97BC-3654ED321F3B}") = "Filelocker.FileSystemProviders", "src\Filelocker.FileSystemProviders\Filelocker.FileSystemProviders.xproj", "{A9AEB88F-58A7-4BB0-BC27-28E7A0ED840F}"
EndProject
Project("{8BB2217D-0F2D-49D1-97BC-3654ED321F3B}") = "Filelocker.AzureProviders", "src\Filelocker.AzureProviders\Filelocker.AzureProviders.xproj", "{510F221B-5CBE-4183-9274-E71C015E4285}"
EndProject
Project("{2150E333-8FDC-42A3-9474-1A3956D46DE8}") = "Web", "Web", "{7D3C2440-79B1-48A8-B1CF-0765DD68FFE3}"
EndProject
Project("{8BB2217D-0F2D-49D1-97BC-3654ED321F3B}") = "Filelocker.Services.Tests", "test\Filelocker.Services.Tests\Filelocker.Services.Tests.xproj", "{47A8C81C-ECA2-47A9-87CA-F3AD308DCC74}"
EndProject
Global
	GlobalSection(SolutionConfigurationPlatforms) = preSolution
		Debug|Any CPU = Debug|Any CPU
		Release|Any CPU = Release|Any CPU
	EndGlobalSection
	GlobalSection(ProjectConfigurationPlatforms) = postSolution
		{CFB2D074-A06E-4FCC-9DE0-07AF37915480}.Debug|Any CPU.ActiveCfg = Debug|Any CPU
		{CFB2D074-A06E-4FCC-9DE0-07AF37915480}.Debug|Any CPU.Build.0 = Debug|Any CPU
		{CFB2D074-A06E-4FCC-9DE0-07AF37915480}.Release|Any CPU.ActiveCfg = Release|Any CPU
		{CFB2D074-A06E-4FCC-9DE0-07AF37915480}.Release|Any CPU.Build.0 = Release|Any CPU
		{C20F2E32-3B5D-4685-9CD4-C2DA704FE417}.Debug|Any CPU.ActiveCfg = Debug|Any CPU
		{C20F2E32-3B5D-4685-9CD4-C2DA704FE417}.Debug|Any CPU.Build.0 = Debug|Any CPU
		{C20F2E32-3B5D-4685-9CD4-C2DA704FE417}.Release|Any CPU.ActiveCfg = Release|Any CPU
		{C20F2E32-3B5D-4685-9CD4-C2DA704FE417}.Release|Any CPU.Build.0 = Release|Any CPU
		{470BF0E5-119B-425E-B4BB-25309A800C26}.Debug|Any CPU.ActiveCfg = Debug|Any CPU
		{470BF0E5-119B-425E-B4BB-25309A800C26}.Debug|Any CPU.Build.0 = Debug|Any CPU
		{470BF0E5-119B-425E-B4BB-25309A800C26}.Release|Any CPU.ActiveCfg = Release|Any CPU
		{470BF0E5-119B-425E-B4BB-25309A800C26}.Release|Any CPU.Build.0 = Release|Any CPU
		{D5915870-0B35-4DF6-9170-A7EF15AAAA81}.Debug|Any CPU.ActiveCfg = Debug|Any CPU
		{D5915870-0B35-4DF6-9170-A7EF15AAAA81}.Debug|Any CPU.Build.0 = Debug|Any CPU
		{D5915870-0B35-4DF6-9170-A7EF15AAAA81}.Release|Any CPU.ActiveCfg = Release|Any CPU
		{D5915870-0B35-4DF6-9170-A7EF15AAAA81}.Release|Any CPU.Build.0 = Release|Any CPU
		{FCCBE4B5-BE67-46DC-B503-3B74CB1D2F54}.Debug|Any CPU.ActiveCfg = Debug|Any CPU
		{FCCBE4B5-BE67-46DC-B503-3B74CB1D2F54}.Debug|Any CPU.Build.0 = Debug|Any CPU
		{FCCBE4B5-BE67-46DC-B503-3B74CB1D2F54}.Release|Any CPU.ActiveCfg = Release|Any CPU
		{FCCBE4B5-BE67-46DC-B503-3B74CB1D2F54}.Release|Any CPU.Build.0 = Release|Any CPU
		{E7940292-CED1-4872-91B9-C5F7E7223B15}.Debug|Any CPU.ActiveCfg = Debug|Any CPU
		{E7940292-CED1-4872-91B9-C5F7E7223B15}.Debug|Any CPU.Build.0 = Debug|Any CPU
		{E7940292-CED1-4872-91B9-C5F7E7223B15}.Release|Any CPU.ActiveCfg = Release|Any CPU
		{E7940292-CED1-4872-91B9-C5F7E7223B15}.Release|Any CPU.Build.0 = Release|Any CPU
		{2ECA8EB9-8A8A-4037-97A8-064ADB435431}.Debug|Any CPU.ActiveCfg = Debug|Any CPU
		{2ECA8EB9-8A8A-4037-97A8-064ADB435431}.Debug|Any CPU.Build.0 = Debug|Any CPU
		{2ECA8EB9-8A8A-4037-97A8-064ADB435431}.Release|Any CPU.ActiveCfg = Release|Any CPU
		{2ECA8EB9-8A8A-4037-97A8-064ADB435431}.Release|Any CPU.Build.0 = Release|Any CPU
		{A9AEB88F-58A7-4BB0-BC27-28E7A0ED840F}.Debug|Any CPU.ActiveCfg = Debug|Any CPU
		{A9AEB88F-58A7-4BB0-BC27-28E7A0ED840F}.Debug|Any CPU.Build.0 = Debug|Any CPU
		{A9AEB88F-58A7-4BB0-BC27-28E7A0ED840F}.Release|Any CPU.ActiveCfg = Release|Any CPU
		{A9AEB88F-58A7-4BB0-BC27-28E7A0ED840F}.Release|Any CPU.Build.0 = Release|Any CPU
		{510F221B-5CBE-4183-9274-E71C015E4285}.Debug|Any CPU.ActiveCfg = Debug|Any CPU
		{510F221B-5CBE-4183-9274-E71C015E4285}.Debug|Any CPU.Build.0 = Debug|Any CPU
		{510F221B-5CBE-4183-9274-E71C015E4285}.Release|Any CPU.ActiveCfg = Release|Any CPU
		{510F221B-5CBE-4183-9274-E71C015E4285}.Release|Any CPU.Build.0 = Release|Any CPU
		{47A8C81C-ECA2-47A9-87CA-F3AD308DCC74}.Debug|Any CPU.ActiveCfg = Debug|Any CPU
		{47A8C81C-ECA2-47A9-87CA-F3AD308DCC74}.Debug|Any CPU.Build.0 = Debug|Any CPU
		{47A8C81C-ECA2-47A9-87CA-F3AD308DCC74}.Release|Any CPU.ActiveCfg = Release|Any CPU
		{47A8C81C-ECA2-47A9-87CA-F3AD308DCC74}.Release|Any CPU.Build.0 = Release|Any CPU
	EndGlobalSection
	GlobalSection(SolutionProperties) = preSolution
		HideSolutionNode = FALSE
	EndGlobalSection
	GlobalSection(NestedProjects) = preSolution
		{CFB2D074-A06E-4FCC-9DE0-07AF37915480} = {7D3C2440-79B1-48A8-B1CF-0765DD68FFE3}
		{C20F2E32-3B5D-4685-9CD4-C2DA704FE417} = {E4A22F5E-F645-461A-96ED-5E8C4FE0C114}
		{470BF0E5-119B-425E-B4BB-25309A800C26} = {7D3C2440-79B1-48A8-B1CF-0765DD68FFE3}
		{D5915870-0B35-4DF6-9170-A7EF15AAAA81} = {737BC96D-1A71-4596-8B7F-3C583C8E28A8}
		{FCCBE4B5-BE67-46DC-B503-3B74CB1D2F54} = {E4A22F5E-F645-461A-96ED-5E8C4FE0C114}
		{E7940292-CED1-4872-91B9-C5F7E7223B15} = {8478C4A1-EE36-4B76-8F9D-0598FCDD0114}
		{2ECA8EB9-8A8A-4037-97A8-064ADB435431} = {E4A22F5E-F645-461A-96ED-5E8C4FE0C114}
		{8478C4A1-EE36-4B76-8F9D-0598FCDD0114} = {E4A22F5E-F645-461A-96ED-5E8C4FE0C114}
		{A9AEB88F-58A7-4BB0-BC27-28E7A0ED840F} = {8478C4A1-EE36-4B76-8F9D-0598FCDD0114}
		{510F221B-5CBE-4183-9274-E71C015E4285} = {8478C4A1-EE36-4B76-8F9D-0598FCDD0114}
		{7D3C2440-79B1-48A8-B1CF-0765DD68FFE3} = {E4A22F5E-F645-461A-96ED-5E8C4FE0C114}
		{47A8C81C-ECA2-47A9-87CA-F3AD308DCC74} = {737BC96D-1A71-4596-8B7F-3C583C8E28A8}
	EndGlobalSection
EndGlobal
